
Microsoft Visual Studio Solution File, Format Version 11.00
# Visual Studio 2010
Project("{FAE04EC0-301F-11D3-BF4B-00C04F79EFBC}") = "MvcApplication1", "MvcApplication1\MvcApplication1.csproj", "{913B30E9-8F04-4026-B53B-CF8668DEAD50}"
EndProject
Global
	GlobalSection(SolutionConfigurationPlatforms) = preSolution
		Debug|Any CPU = Debug|Any CPU
		Release|Any CPU = Release|Any CPU
	EndGlobalSection
	GlobalSection(ProjectConfigurationPlatforms) = postSolution
		{913B30E9-8F04-4026-B53B-CF8668DEAD50}.Debug|Any CPU.ActiveCfg = Debug|Any CPU
		{913B30E9-8F04-4026-B53B-CF8668DEAD50}.Debug|Any CPU.Build.0 = Debug|Any CPU
		{913B30E9-8F04-4026-B53B-CF8668DEAD50}.Release|Any CPU.ActiveCfg = Release|Any CPU
		{913B30E9-8F04-4026-B53B-CF8668DEAD50}.Release|Any CPU.Build.0 = Release|Any CPU
	EndGlobalSection
	GlobalSection(SolutionProperties) = preSolution
		HideSolutionNode = FALSE
	EndGlobalSection
EndGlobal
